// !$*UTF8*$!
{
	archiveVersion = 1;
	classes = {
	};
	objectVersion = 46;
	objects = {

/* Begin PBXBuildFile section */
		1E1652DF1D9A21DE007D50CD /* main.m in Sources */ = {isa = PBXBuildFile; fileRef = 1E1652DE1D9A21DE007D50CD /* main.m */; };
		1E1652E21D9A21DE007D50CD /* AppDelegate.m in Sources */ = {isa = PBXBuildFile; fileRef = 1E1652E11D9A21DE007D50CD /* AppDelegate.m */; };
		1E1652EA1D9A21DE007D50CD /* Assets.xcassets in Resources */ = {isa = PBXBuildFile; fileRef = 1E1652E91D9A21DE007D50CD /* Assets.xcassets */; };
		1E1652F81D9A21DF007D50CD /* BLEDemoTests.m in Sources */ = {isa = PBXBuildFile; fileRef = 1E1652F71D9A21DF007D50CD /* BLEDemoTests.m */; };
		1E16530F1D9A2564007D50CD /* BaseTabBarController.m in Sources */ = {isa = PBXBuildFile; fileRef = 1E16530E1D9A2564007D50CD /* BaseTabBarController.m */; };
		1E1653121D9A25A6007D50CD /* BaseNavigationController.m in Sources */ = {isa = PBXBuildFile; fileRef = 1E1653111D9A25A6007D50CD /* BaseNavigationController.m */; };
		1E1653151D9A2757007D50CD /* UIImage+Extension.m in Sources */ = {isa = PBXBuildFile; fileRef = 1E1653141D9A2757007D50CD /* UIImage+Extension.m */; };
		1E1653181D9A2783007D50CD /* DeviceViewController.m in Sources */ = {isa = PBXBuildFile; fileRef = 1E1653171D9A2783007D50CD /* DeviceViewController.m */; };
		1E16531B1D9A2790007D50CD /* FindViewController.m in Sources */ = {isa = PBXBuildFile; fileRef = 1E16531A1D9A2790007D50CD /* FindViewController.m */; };
		1E16531E1D9A279D007D50CD /* HelpViewController.m in Sources */ = {isa = PBXBuildFile; fileRef = 1E16531D1D9A279D007D50CD /* HelpViewController.m */; };
		1E16532C1D9A407D007D50CD /* main_find@2x.png in Resources */ = {isa = PBXBuildFile; fileRef = 1E1653201D9A407D007D50CD /* main_find@2x.png */; };
		1E16532D1D9A407D007D50CD /* main_find@3x.png in Resources */ = {isa = PBXBuildFile; fileRef = 1E1653211D9A407D007D50CD /* main_find@3x.png */; };
		1E16532E1D9A407D007D50CD /* main_help@2x.png in Resources */ = {isa = PBXBuildFile; fileRef = 1E1653221D9A407D007D50CD /* main_help@2x.png */; };
		1E16532F1D9A407D007D50CD /* main_help@3x.png in Resources */ = {isa = PBXBuildFile; fileRef = 1E1653231D9A407D007D50CD /* main_help@3x.png */; };
		1E1653301D9A407D007D50CD /* main_no_find@2x.png in Resources */ = {isa = PBXBuildFile; fileRef = 1E1653241D9A407D007D50CD /* main_no_find@2x.png */; };
		1E1653311D9A407D007D50CD /* main_no_find@3x.png in Resources */ = {isa = PBXBuildFile; fileRef = 1E1653251D9A407D007D50CD /* main_no_find@3x.png */; };
		1E1653321D9A407D007D50CD /* main_no_help@2x.png in Resources */ = {isa = PBXBuildFile; fileRef = 1E1653261D9A407D007D50CD /* main_no_help@2x.png */; };
		1E1653331D9A407D007D50CD /* main_no_help@3x.png in Resources */ = {isa = PBXBuildFile; fileRef = 1E1653271D9A407D007D50CD /* main_no_help@3x.png */; };
		1E1653341D9A407D007D50CD /* main_no_shebei@2x.png in Resources */ = {isa = PBXBuildFile; fileRef = 1E1653281D9A407D007D50CD /* main_no_shebei@2x.png */; };
		1E1653351D9A407D007D50CD /* main_no_shebei@3x.png in Resources */ = {isa = PBXBuildFile; fileRef = 1E1653291D9A407D007D50CD /* main_no_shebei@3x.png */; };
		1E1653361D9A407D007D50CD /* main_shebei@2x.png in Resources */ = {isa = PBXBuildFile; fileRef = 1E16532A1D9A407D007D50CD /* main_shebei@2x.png */; };
		1E1653371D9A407D007D50CD /* main_shebei@3x.png in Resources */ = {isa = PBXBuildFile; fileRef = 1E16532B1D9A407D007D50CD /* main_shebei@3x.png */; };
		1E16533A1D9A484B007D50CD /* btn_back@2x.png in Resources */ = {isa = PBXBuildFile; fileRef = 1E1653381D9A484B007D50CD /* btn_back@2x.png */; };
		1E16533B1D9A484B007D50CD /* btn_back@3x.png in Resources */ = {isa = PBXBuildFile; fileRef = 1E1653391D9A484B007D50CD /* btn_back@3x.png */; };
		1E16533F1D9A547B007D50CD /* CommonFunction.m in Sources */ = {isa = PBXBuildFile; fileRef = 1E16533E1D9A547B007D50CD /* CommonFunction.m */; };
		1E1653441D9A579B007D50CD /* help_about_us@2x.png in Resources */ = {isa = PBXBuildFile; fileRef = 1E1653401D9A579B007D50CD /* help_about_us@2x.png */; };
		1E1653451D9A579B007D50CD /* help_about_us@3x.png in Resources */ = {isa = PBXBuildFile; fileRef = 1E1653411D9A579B007D50CD /* help_about_us@3x.png */; };
		1E1653461D9A579B007D50CD /* help_basic_introduct@2x.png in Resources */ = {isa = PBXBuildFile; fileRef = 1E1653421D9A579B007D50CD /* help_basic_introduct@2x.png */; };
		1E1653471D9A579B007D50CD /* help_basic_introduct@3x.png in Resources */ = {isa = PBXBuildFile; fileRef = 1E1653431D9A579B007D50CD /* help_basic_introduct@3x.png */; };
		1E16534C1D9A5840007D50CD /* AboutUsViewController.m in Sources */ = {isa = PBXBuildFile; fileRef = 1E1653491D9A5840007D50CD /* AboutUsViewController.m */; };
		1E16534D1D9A5840007D50CD /* BasicIntroductionViewController.m in Sources */ = {isa = PBXBuildFile; fileRef = 1E16534B1D9A5840007D50CD /* BasicIntroductionViewController.m */; };
		1E1653541D9A5BA4007D50CD /* btn_down@2x.png in Resources */ = {isa = PBXBuildFile; fileRef = 1E16534E1D9A5BA4007D50CD /* btn_down@2x.png */; };
		1E1653551D9A5BA4007D50CD /* btn_down@3x.png in Resources */ = {isa = PBXBuildFile; fileRef = 1E16534F1D9A5BA4007D50CD /* btn_down@3x.png */; };
		1E1653561D9A5BA4007D50CD /* btn_enter@2x.png in Resources */ = {isa = PBXBuildFile; fileRef = 1E1653501D9A5BA4007D50CD /* btn_enter@2x.png */; };
		1E1653571D9A5BA4007D50CD /* btn_enter@3x.png in Resources */ = {isa = PBXBuildFile; fileRef = 1E1653511D9A5BA4007D50CD /* btn_enter@3x.png */; };
		1E1653581D9A5BA4007D50CD /* btn_up@2x.png in Resources */ = {isa = PBXBuildFile; fileRef = 1E1653521D9A5BA4007D50CD /* btn_up@2x.png */; };
		1E1653591D9A5BA4007D50CD /* btn_up@3x.png in Resources */ = {isa = PBXBuildFile; fileRef = 1E1653531D9A5BA4007D50CD /* btn_up@3x.png */; };
/* End PBXBuildFile section */

/* Begin PBXContainerItemProxy section */
		1E1652F41D9A21DF007D50CD /* PBXContainerItemProxy */ = {
			isa = PBXContainerItemProxy;
			containerPortal = 1E1652D21D9A21DE007D50CD /* Project object */;
			proxyType = 1;
			remoteGlobalIDString = 1E1652D91D9A21DE007D50CD;
			remoteInfo = BLEDemo;
		};
/* End PBXContainerItemProxy section */

/* Begin PBXFileReference section */
		1E1652DA1D9A21DE007D50CD /* BLEDemo.app */ = {isa = PBXFileReference; explicitFileType = wrapper.application; includeInIndex = 0; path = BLEDemo.app; sourceTree = BUILT_PRODUCTS_DIR; };
		1E1652DE1D9A21DE007D50CD /* main.m */ = {isa = PBXFileReference; lastKnownFileType = sourcecode.c.objc; path = main.m; sourceTree = "<group>"; };
		1E1652E01D9A21DE007D50CD /* AppDelegate.h */ = {isa = PBXFileReference; lastKnownFileType = sourcecode.c.h; name = AppDelegate.h; path = ../../AppDelegate.h; sourceTree = "<group>"; };
		1E1652E11D9A21DE007D50CD /* AppDelegate.m */ = {isa = PBXFileReference; lastKnownFileType = sourcecode.c.objc; name = AppDelegate.m; path = ../../AppDelegate.m; sourceTree = "<group>"; };
		1E1652E91D9A21DE007D50CD /* Assets.xcassets */ = {isa = PBXFileReference; lastKnownFileType = folder.assetcatalog; path = Assets.xcassets; sourceTree = "<group>"; };
		1E1652EE1D9A21DE007D50CD /* Info.plist */ = {isa = PBXFileReference; lastKnownFileType = text.plist.xml; path = Info.plist; sourceTree = "<group>"; };
		1E1652F31D9A21DE007D50CD /* BLEDemoTests.xctest */ = {isa = PBXFileReference; explicitFileType = wrapper.cfbundle; includeInIndex = 0; path = BLEDemoTests.xctest; sourceTree = BUILT_PRODUCTS_DIR; };
		1E1652F71D9A21DF007D50CD /* BLEDemoTests.m */ = {isa = PBXFileReference; lastKnownFileType = sourcecode.c.objc; path = BLEDemoTests.m; sourceTree = "<group>"; };
		1E1652F91D9A21DF007D50CD /* Info.plist */ = {isa = PBXFileReference; lastKnownFileType = text.plist.xml; path = Info.plist; sourceTree = "<group>"; };
		1E16530D1D9A2564007D50CD /* BaseTabBarController.h */ = {isa = PBXFileReference; fileEncoding = 4; lastKnownFileType = sourcecode.c.h; path = BaseTabBarController.h; sourceTree = "<group>"; };
		1E16530E1D9A2564007D50CD /* BaseTabBarController.m */ = {isa = PBXFileReference; fileEncoding = 4; lastKnownFileType = sourcecode.c.objc; path = BaseTabBarController.m; sourceTree = "<group>"; };
		1E1653101D9A25A6007D50CD /* BaseNavigationController.h */ = {isa = PBXFileReference; fileEncoding = 4; lastKnownFileType = sourcecode.c.h; path = BaseNavigationController.h; sourceTree = "<group>"; };
		1E1653111D9A25A6007D50CD /* BaseNavigationController.m */ = {isa = PBXFileReference; fileEncoding = 4; lastKnownFileType = sourcecode.c.objc; path = BaseNavigationController.m; sourceTree = "<group>"; };
		1E1653131D9A2757007D50CD /* UIImage+Extension.h */ = {isa = PBXFileReference; fileEncoding = 4; lastKnownFileType = sourcecode.c.h; path = "UIImage+Extension.h"; sourceTree = "<group>"; };
		1E1653141D9A2757007D50CD /* UIImage+Extension.m */ = {isa = PBXFileReference; fileEncoding = 4; lastKnownFileType = sourcecode.c.objc; path = "UIImage+Extension.m"; sourceTree = "<group>"; };
		1E1653161D9A2783007D50CD /* DeviceViewController.h */ = {isa = PBXFileReference; fileEncoding = 4; lastKnownFileType = sourcecode.c.h; path = DeviceViewController.h; sourceTree = "<group>"; };
		1E1653171D9A2783007D50CD /* DeviceViewController.m */ = {isa = PBXFileReference; fileEncoding = 4; lastKnownFileType = sourcecode.c.objc; path = DeviceViewController.m; sourceTree = "<group>"; };
		1E1653191D9A2790007D50CD /* FindViewController.h */ = {isa = PBXFileReference; fileEncoding = 4; lastKnownFileType = sourcecode.c.h; path = FindViewController.h; sourceTree = "<group>"; };
		1E16531A1D9A2790007D50CD /* FindViewController.m */ = {isa = PBXFileReference; fileEncoding = 4; lastKnownFileType = sourcecode.c.objc; path = FindViewController.m; sourceTree = "<group>"; };
		1E16531C1D9A279D007D50CD /* HelpViewController.h */ = {isa = PBXFileReference; fileEncoding = 4; lastKnownFileType = sourcecode.c.h; path = HelpViewController.h; sourceTree = "<group>"; };
		1E16531D1D9A279D007D50CD /* HelpViewController.m */ = {isa = PBXFileReference; fileEncoding = 4; lastKnownFileType = sourcecode.c.objc; path = HelpViewController.m; sourceTree = "<group>"; };
		1E1653201D9A407D007D50CD /* main_find@2x.png */ = {isa = PBXFileReference; lastKnownFileType = image.png; path = "main_find@2x.png"; sourceTree = "<group>"; };
		1E1653211D9A407D007D50CD /* main_find@3x.png */ = {isa = PBXFileReference; lastKnownFileType = image.png; path = "main_find@3x.png"; sourceTree = "<group>"; };
		1E1653221D9A407D007D50CD /* main_help@2x.png */ = {isa = PBXFileReference; lastKnownFileType = image.png; path = "main_help@2x.png"; sourceTree = "<group>"; };
		1E1653231D9A407D007D50CD /* main_help@3x.png */ = {isa = PBXFileReference; lastKnownFileType = image.png; path = "main_help@3x.png"; sourceTree = "<group>"; };
		1E1653241D9A407D007D50CD /* main_no_find@2x.png */ = {isa = PBXFileReference; lastKnownFileType = image.png; path = "main_no_find@2x.png"; sourceTree = "<group>"; };
		1E1653251D9A407D007D50CD /* main_no_find@3x.png */ = {isa = PBXFileReference; lastKnownFileType = image.png; path = "main_no_find@3x.png"; sourceTree = "<group>"; };
		1E1653261D9A407D007D50CD /* main_no_help@2x.png */ = {isa = PBXFileReference; lastKnownFileType = image.png; path = "main_no_help@2x.png"; sourceTree = "<group>"; };
		1E1653271D9A407D007D50CD /* main_no_help@3x.png */ = {isa = PBXFileReference; lastKnownFileType = image.png; path = "main_no_help@3x.png"; sourceTree = "<group>"; };
		1E1653281D9A407D007D50CD /* main_no_shebei@2x.png */ = {isa = PBXFileReference; lastKnownFileType = image.png; path = "main_no_shebei@2x.png"; sourceTree = "<group>"; };
		1E1653291D9A407D007D50CD /* main_no_shebei@3x.png */ = {isa = PBXFileReference; lastKnownFileType = image.png; path = "main_no_shebei@3x.png"; sourceTree = "<group>"; };
		1E16532A1D9A407D007D50CD /* main_shebei@2x.png */ = {isa = PBXFileReference; lastKnownFileType = image.png; path = "main_shebei@2x.png"; sourceTree = "<group>"; };
		1E16532B1D9A407D007D50CD /* main_shebei@3x.png */ = {isa = PBXFileReference; lastKnownFileType = image.png; path = "main_shebei@3x.png"; sourceTree = "<group>"; };
		1E1653381D9A484B007D50CD /* btn_back@2x.png */ = {isa = PBXFileReference; lastKnownFileType = image.png; path = "btn_back@2x.png"; sourceTree = "<group>"; };
		1E1653391D9A484B007D50CD /* btn_back@3x.png */ = {isa = PBXFileReference; lastKnownFileType = image.png; path = "btn_back@3x.png"; sourceTree = "<group>"; };
		1E16533D1D9A547B007D50CD /* CommonFunction.h */ = {isa = PBXFileReference; fileEncoding = 4; lastKnownFileType = sourcecode.c.h; path = CommonFunction.h; sourceTree = "<group>"; };
		1E16533E1D9A547B007D50CD /* CommonFunction.m */ = {isa = PBXFileReference; fileEncoding = 4; lastKnownFileType = sourcecode.c.objc; path = CommonFunction.m; sourceTree = "<group>"; };
		1E1653401D9A579B007D50CD /* help_about_us@2x.png */ = {isa = PBXFileReference; lastKnownFileType = image.png; path = "help_about_us@2x.png"; sourceTree = "<group>"; };
		1E1653411D9A579B007D50CD /* help_about_us@3x.png */ = {isa = PBXFileReference; lastKnownFileType = image.png; path = "help_about_us@3x.png"; sourceTree = "<group>"; };
		1E1653421D9A579B007D50CD /* help_basic_introduct@2x.png */ = {isa = PBXFileReference; lastKnownFileType = image.png; path = "help_basic_introduct@2x.png"; sourceTree = "<group>"; };
		1E1653431D9A579B007D50CD /* help_basic_introduct@3x.png */ = {isa = PBXFileReference; lastKnownFileType = image.png; path = "help_basic_introduct@3x.png"; sourceTree = "<group>"; };
		1E1653481D9A5840007D50CD /* AboutUsViewController.h */ = {isa = PBXFileReference; fileEncoding = 4; lastKnownFileType = sourcecode.c.h; path = AboutUsViewController.h; sourceTree = "<group>"; };
		1E1653491D9A5840007D50CD /* AboutUsViewController.m */ = {isa = PBXFileReference; fileEncoding = 4; lastKnownFileType = sourcecode.c.objc; path = AboutUsViewController.m; sourceTree = "<group>"; };
		1E16534A1D9A5840007D50CD /* BasicIntroductionViewController.h */ = {isa = PBXFileReference; fileEncoding = 4; lastKnownFileType = sourcecode.c.h; path = BasicIntroductionViewController.h; sourceTree = "<group>"; };
		1E16534B1D9A5840007D50CD /* BasicIntroductionViewController.m */ = {isa = PBXFileReference; fileEncoding = 4; lastKnownFileType = sourcecode.c.objc; path = BasicIntroductionViewController.m; sourceTree = "<group>"; };
		1E16534E1D9A5BA4007D50CD /* btn_down@2x.png */ = {isa = PBXFileReference; lastKnownFileType = image.png; path = "btn_down@2x.png"; sourceTree = "<group>"; };
		1E16534F1D9A5BA4007D50CD /* btn_down@3x.png */ = {isa = PBXFileReference; lastKnownFileType = image.png; path = "btn_down@3x.png"; sourceTree = "<group>"; };
		1E1653501D9A5BA4007D50CD /* btn_enter@2x.png */ = {isa = PBXFileReference; lastKnownFileType = image.png; path = "btn_enter@2x.png"; sourceTree = "<group>"; };
		1E1653511D9A5BA4007D50CD /* btn_enter@3x.png */ = {isa = PBXFileReference; lastKnownFileType = image.png; path = "btn_enter@3x.png"; sourceTree = "<group>"; };
		1E1653521D9A5BA4007D50CD /* btn_up@2x.png */ = {isa = PBXFileReference; lastKnownFileType = image.png; path = "btn_up@2x.png"; sourceTree = "<group>"; };
		1E1653531D9A5BA4007D50CD /* btn_up@3x.png */ = {isa = PBXFileReference; lastKnownFileType = image.png; path = "btn_up@3x.png"; sourceTree = "<group>"; };
/* End PBXFileReference section */

/* Begin PBXFrameworksBuildPhase section */
		1E1652D71D9A21DE007D50CD /* Frameworks */ = {
			isa = PBXFrameworksBuildPhase;
			buildActionMask = 2147483647;
			files = (
			);
			runOnlyForDeploymentPostprocessing = 0;
		};
		1E1652F01D9A21DE007D50CD /* Frameworks */ = {
			isa = PBXFrameworksBuildPhase;
			buildActionMask = 2147483647;
			files = (
			);
			runOnlyForDeploymentPostprocessing = 0;
		};
/* End PBXFrameworksBuildPhase section */

/* Begin PBXGroup section */
		1E1652D11D9A21DE007D50CD = {
			isa = PBXGroup;
			children = (
				1E1652DC1D9A21DE007D50CD /* BLEDemo */,
				1E1652F61D9A21DF007D50CD /* BLEDemoTests */,
				1E1652DB1D9A21DE007D50CD /* Products */,
			);
			sourceTree = "<group>";
		};
		1E1652DB1D9A21DE007D50CD /* Products */ = {
			isa = PBXGroup;
			children = (
				1E1652DA1D9A21DE007D50CD /* BLEDemo.app */,
				1E1652F31D9A21DE007D50CD /* BLEDemoTests.xctest */,
			);
			name = Products;
			sourceTree = "<group>";
		};
		1E1652DC1D9A21DE007D50CD /* BLEDemo */ = {
			isa = PBXGroup;
			children = (
				1E1653041D9A2333007D50CD /* Classes */,
				1E1653031D9A2321007D50CD /* Resources */,
				1E1653021D9A2304007D50CD /* Third */,
				1E1652E91D9A21DE007D50CD /* Assets.xcassets */,
				1E1652DD1D9A21DE007D50CD /* Supporting Files */,
			);
			path = BLEDemo;
			sourceTree = "<group>";
		};
		1E1652DD1D9A21DE007D50CD /* Supporting Files */ = {
			isa = PBXGroup;
			children = (
				1E1652EE1D9A21DE007D50CD /* Info.plist */,
				1E1652DE1D9A21DE007D50CD /* main.m */,
			);
			name = "Supporting Files";
			sourceTree = "<group>";
		};
		1E1652F61D9A21DF007D50CD /* BLEDemoTests */ = {
			isa = PBXGroup;
			children = (
				1E1652F71D9A21DF007D50CD /* BLEDemoTests.m */,
				1E1652F91D9A21DF007D50CD /* Info.plist */,
			);
			path = BLEDemoTests;
			sourceTree = "<group>";
		};
		1E1653021D9A2304007D50CD /* Third */ = {
			isa = PBXGroup;
			children = (
			);
			path = Third;
			sourceTree = "<group>";
		};
		1E1653031D9A2321007D50CD /* Resources */ = {
			isa = PBXGroup;
			children = (
				1E16531F1D9A407D007D50CD /* Main */,
			);
			path = Resources;
			sourceTree = "<group>";
		};
		1E1653041D9A2333007D50CD /* Classes */ = {
			isa = PBXGroup;
			children = (
				1E1653051D9A2359007D50CD /* AppDelegate */,
				1E1653081D9A2382007D50CD /* Extension */,
				1E1653071D9A2375007D50CD /* BleSql */,
				1E1653061D9A2366007D50CD /* ViewController */,
			);
			path = Classes;
			sourceTree = "<group>";
		};
		1E1653051D9A2359007D50CD /* AppDelegate */ = {
			isa = PBXGroup;
			children = (
				1E1652E01D9A21DE007D50CD /* AppDelegate.h */,
				1E1652E11D9A21DE007D50CD /* AppDelegate.m */,
			);
			path = AppDelegate;
			sourceTree = "<group>";
		};
		1E1653061D9A2366007D50CD /* ViewController */ = {
			isa = PBXGroup;
			children = (
				1E16533C1D9A5466007D50CD /* Common */,
				1E1653091D9A23A8007D50CD /* Base */,
				1E16530C1D9A23FF007D50CD /* Device */,
				1E16530B1D9A23F5007D50CD /* Find */,
				1E16530A1D9A23EA007D50CD /* Help */,
			);
			path = ViewController;
			sourceTree = "<group>";
		};
		1E1653071D9A2375007D50CD /* BleSql */ = {
			isa = PBXGroup;
			children = (
			);
			path = BleSql;
			sourceTree = "<group>";
		};
		1E1653081D9A2382007D50CD /* Extension */ = {
			isa = PBXGroup;
			children = (
				1E1653131D9A2757007D50CD /* UIImage+Extension.h */,
				1E1653141D9A2757007D50CD /* UIImage+Extension.m */,
			);
			path = Extension;
			sourceTree = "<group>";
		};
		1E1653091D9A23A8007D50CD /* Base */ = {
			isa = PBXGroup;
			children = (
				1E16530D1D9A2564007D50CD /* BaseTabBarController.h */,
				1E16530E1D9A2564007D50CD /* BaseTabBarController.m */,
				1E1653101D9A25A6007D50CD /* BaseNavigationController.h */,
				1E1653111D9A25A6007D50CD /* BaseNavigationController.m */,
			);
			path = Base;
			sourceTree = "<group>";
		};
		1E16530A1D9A23EA007D50CD /* Help */ = {
			isa = PBXGroup;
			children = (
				1E16531C1D9A279D007D50CD /* HelpViewController.h */,
				1E16531D1D9A279D007D50CD /* HelpViewController.m */,
				1E16534A1D9A5840007D50CD /* BasicIntroductionViewController.h */,
				1E16534B1D9A5840007D50CD /* BasicIntroductionViewController.m */,
				1E1653481D9A5840007D50CD /* AboutUsViewController.h */,
				1E1653491D9A5840007D50CD /* AboutUsViewController.m */,
			);
			path = Help;
			sourceTree = "<group>";
		};
		1E16530B1D9A23F5007D50CD /* Find */ = {
			isa = PBXGroup;
			children = (
				1E1653191D9A2790007D50CD /* FindViewController.h */,
				1E16531A1D9A2790007D50CD /* FindViewController.m */,
			);
			path = Find;
			sourceTree = "<group>";
		};
		1E16530C1D9A23FF007D50CD /* Device */ = {
			isa = PBXGroup;
			children = (
				1E1653161D9A2783007D50CD /* DeviceViewController.h */,
				1E1653171D9A2783007D50CD /* DeviceViewController.m */,
			);
			path = Device;
			sourceTree = "<group>";
		};
		1E16531F1D9A407D007D50CD /* Main */ = {
			isa = PBXGroup;
			children = (
				1E16534E1D9A5BA4007D50CD /* btn_down@2x.png */,
				1E16534F1D9A5BA4007D50CD /* btn_down@3x.png */,
				1E1653501D9A5BA4007D50CD /* btn_enter@2x.png */,
				1E1653511D9A5BA4007D50CD /* btn_enter@3x.png */,
				1E1653521D9A5BA4007D50CD /* btn_up@2x.png */,
				1E1653531D9A5BA4007D50CD /* btn_up@3x.png */,
				1E1653401D9A579B007D50CD /* help_about_us@2x.png */,
				1E1653411D9A579B007D50CD /* help_about_us@3x.png */,
				1E1653421D9A579B007D50CD /* help_basic_introduct@2x.png */,
				1E1653431D9A579B007D50CD /* help_basic_introduct@3x.png */,
				1E1653381D9A484B007D50CD /* btn_back@2x.png */,
				1E1653391D9A484B007D50CD /* btn_back@3x.png */,
				1E1653201D9A407D007D50CD /* main_find@2x.png */,
				1E1653211D9A407D007D50CD /* main_find@3x.png */,
				1E1653221D9A407D007D50CD /* main_help@2x.png */,
				1E1653231D9A407D007D50CD /* main_help@3x.png */,
				1E1653241D9A407D007D50CD /* main_no_find@2x.png */,
				1E1653251D9A407D007D50CD /* main_no_find@3x.png */,
				1E1653261D9A407D007D50CD /* main_no_help@2x.png */,
				1E1653271D9A407D007D50CD /* main_no_help@3x.png */,
				1E1653281D9A407D007D50CD /* main_no_shebei@2x.png */,
				1E1653291D9A407D007D50CD /* main_no_shebei@3x.png */,
				1E16532A1D9A407D007D50CD /* main_shebei@2x.png */,
				1E16532B1D9A407D007D50CD /* main_shebei@3x.png */,
			);
			path = Main;
			sourceTree = "<group>";
		};
		1E16533C1D9A5466007D50CD /* Common */ = {
			isa = PBXGroup;
			children = (
				1E16533D1D9A547B007D50CD /* CommonFunction.h */,
				1E16533E1D9A547B007D50CD /* CommonFunction.m */,
			);
			path = Common;
			sourceTree = "<group>";
		};
/* End PBXGroup section */

/* Begin PBXNativeTarget section */
		1E1652D91D9A21DE007D50CD /* BLEDemo */ = {
			isa = PBXNativeTarget;
			buildConfigurationList = 1E1652FC1D9A21DF007D50CD /* Build configuration list for PBXNativeTarget "BLEDemo" */;
			buildPhases = (
				1E1652D61D9A21DE007D50CD /* Sources */,
				1E1652D71D9A21DE007D50CD /* Frameworks */,
				1E1652D81D9A21DE007D50CD /* Resources */,
			);
			buildRules = (
			);
			dependencies = (
			);
			name = BLEDemo;
			productName = BLEDemo;
			productReference = 1E1652DA1D9A21DE007D50CD /* BLEDemo.app */;
			productType = "com.apple.product-type.application";
		};
		1E1652F21D9A21DE007D50CD /* BLEDemoTests */ = {
			isa = PBXNativeTarget;
			buildConfigurationList = 1E1652FF1D9A21DF007D50CD /* Build configuration list for PBXNativeTarget "BLEDemoTests" */;
			buildPhases = (
				1E1652EF1D9A21DE007D50CD /* Sources */,
				1E1652F01D9A21DE007D50CD /* Frameworks */,
				1E1652F11D9A21DE007D50CD /* Resources */,
			);
			buildRules = (
			);
			dependencies = (
				1E1652F51D9A21DF007D50CD /* PBXTargetDependency */,
			);
			name = BLEDemoTests;
			productName = BLEDemoTests;
			productReference = 1E1652F31D9A21DE007D50CD /* BLEDemoTests.xctest */;
			productType = "com.apple.product-type.bundle.unit-test";
		};
/* End PBXNativeTarget section */

/* Begin PBXProject section */
		1E1652D21D9A21DE007D50CD /* Project object */ = {
			isa = PBXProject;
			attributes = {
				LastUpgradeCheck = 0730;
				ORGANIZATIONNAME = "阿森纳";
				TargetAttributes = {
					1E1652D91D9A21DE007D50CD = {
						CreatedOnToolsVersion = 7.3.1;
						DevelopmentTeam = 9UZHKTD953;
					};
					1E1652F21D9A21DE007D50CD = {
						CreatedOnToolsVersion = 7.3.1;
						DevelopmentTeam = 9UZHKTD953;
						TestTargetID = 1E1652D91D9A21DE007D50CD;
					};
				};
			};
			buildConfigurationList = 1E1652D51D9A21DE007D50CD /* Build configuration list for PBXProject "BLEDemo" */;
			compatibilityVersion = "Xcode 3.2";
			developmentRegion = English;
			hasScannedForEncodings = 0;
			knownRegions = (
				en,
				Base,
			);
			mainGroup = 1E1652D11D9A21DE007D50CD;
			productRefGroup = 1E1652DB1D9A21DE007D50CD /* Products */;
			projectDirPath = "";
			projectRoot = "";
			targets = (
				1E1652D91D9A21DE007D50CD /* BLEDemo */,
				1E1652F21D9A21DE007D50CD /* BLEDemoTests */,
			);
		};
/* End PBXProject section */

/* Begin PBXResourcesBuildPhase section */
		1E1652D81D9A21DE007D50CD /* Resources */ = {
			isa = PBXResourcesBuildPhase;
			buildActionMask = 2147483647;
			files = (
				1E16532D1D9A407D007D50CD /* main_find@3x.png in Resources */,
				1E1653371D9A407D007D50CD /* main_shebei@3x.png in Resources */,
				1E1653451D9A579B007D50CD /* help_about_us@3x.png in Resources */,
				1E1653321D9A407D007D50CD /* main_no_help@2x.png in Resources */,
				1E16533B1D9A484B007D50CD /* btn_back@3x.png in Resources */,
				1E1653351D9A407D007D50CD /* main_no_shebei@3x.png in Resources */,
				1E1653361D9A407D007D50CD /* main_shebei@2x.png in Resources */,
				1E1653301D9A407D007D50CD /* main_no_find@2x.png in Resources */,
				1E1653561D9A5BA4007D50CD /* btn_enter@2x.png in Resources */,
				1E1653311D9A407D007D50CD /* main_no_find@3x.png in Resources */,
				1E1653581D9A5BA4007D50CD /* btn_up@2x.png in Resources */,
				1E1653461D9A579B007D50CD /* help_basic_introduct@2x.png in Resources */,
				1E16532C1D9A407D007D50CD /* main_find@2x.png in Resources */,
				1E1653471D9A579B007D50CD /* help_basic_introduct@3x.png in Resources */,
				1E16532E1D9A407D007D50CD /* main_help@2x.png in Resources */,
				1E16532F1D9A407D007D50CD /* main_help@3x.png in Resources */,
				1E1653441D9A579B007D50CD /* help_about_us@2x.png in Resources */,
				1E1652EA1D9A21DE007D50CD /* Assets.xcassets in Resources */,
				1E1653341D9A407D007D50CD /* main_no_shebei@2x.png in Resources */,
				1E1653591D9A5BA4007D50CD /* btn_up@3x.png in Resources */,
				1E1653571D9A5BA4007D50CD /* btn_enter@3x.png in Resources */,
				1E16533A1D9A484B007D50CD /* btn_back@2x.png in Resources */,
				1E1653331D9A407D007D50CD /* main_no_help@3x.png in Resources */,
				1E1653541D9A5BA4007D50CD /* btn_down@2x.png in Resources */,
				1E1653551D9A5BA4007D50CD /* btn_down@3x.png in Resources */,
			);
			runOnlyForDeploymentPostprocessing = 0;
		};
		1E1652F11D9A21DE007D50CD /* Resources */ = {
			isa = PBXResourcesBuildPhase;
			buildActionMask = 2147483647;
			files = (
			);
			runOnlyForDeploymentPostprocessing = 0;
		};
/* End PBXResourcesBuildPhase section */

/* Begin PBXSourcesBuildPhase section */
		1E1652D61D9A21DE007D50CD /* Sources */ = {
			isa = PBXSourcesBuildPhase;
			buildActionMask = 2147483647;
			files = (
				1E16534C1D9A5840007D50CD /* AboutUsViewController.m in Sources */,
				1E1653151D9A2757007D50CD /* UIImage+Extension.m in Sources */,
				1E16534D1D9A5840007D50CD /* BasicIntroductionViewController.m in Sources */,
				1E1653121D9A25A6007D50CD /* BaseNavigationController.m in Sources */,
				1E16533F1D9A547B007D50CD /* CommonFunction.m in Sources */,
				1E1652E21D9A21DE007D50CD /* AppDelegate.m in Sources */,
				1E16530F1D9A2564007D50CD /* BaseTabBarController.m in Sources */,
				1E1653181D9A2783007D50CD /* DeviceViewController.m in Sources */,
				1E1652DF1D9A21DE007D50CD /* main.m in Sources */,
				1E16531B1D9A2790007D50CD /* FindViewController.m in Sources */,
				1E16531E1D9A279D007D50CD /* HelpViewController.m in Sources */,
			);
			runOnlyForDeploymentPostprocessing = 0;
		};
		1E1652EF1D9A21DE007D50CD /* Sources */ = {
			isa = PBXSourcesBuildPhase;
			buildActionMask = 2147483647;
			files = (
				1E1652F81D9A21DF007D50CD /* BLEDemoTests.m in Sources */,
			);
			runOnlyForDeploymentPostprocessing = 0;
		};
/* End PBXSourcesBuildPhase section */

/* Begin PBXTargetDependency section */
		1E1652F51D9A21DF007D50CD /* PBXTargetDependency */ = {
			isa = PBXTargetDependency;
			target = 1E1652D91D9A21DE007D50CD /* BLEDemo */;
			targetProxy = 1E1652F41D9A21DF007D50CD /* PBXContainerItemProxy */;
		};
/* End PBXTargetDependency section */

/* Begin XCBuildConfiguration section */
		1E1652FA1D9A21DF007D50CD /* Debug */ = {
			isa = XCBuildConfiguration;
			buildSettings = {
				ALWAYS_SEARCH_USER_PATHS = NO;
				CLANG_ANALYZER_NONNULL = YES;
				CLANG_CXX_LANGUAGE_STANDARD = "gnu++0x";
				CLANG_CXX_LIBRARY = "libc++";
				CLANG_ENABLE_MODULES = YES;
				CLANG_ENABLE_OBJC_ARC = YES;
				CLANG_WARN_BOOL_CONVERSION = YES;
				CLANG_WARN_CONSTANT_CONVERSION = YES;
				CLANG_WARN_DIRECT_OBJC_ISA_USAGE = YES_ERROR;
				CLANG_WARN_EMPTY_BODY = YES;
				CLANG_WARN_ENUM_CONVERSION = YES;
				CLANG_WARN_INT_CONVERSION = YES;
				CLANG_WARN_OBJC_ROOT_CLASS = YES_ERROR;
				CLANG_WARN_UNREACHABLE_CODE = YES;
				CLANG_WARN__DUPLICATE_METHOD_MATCH = YES;
				"CODE_SIGN_IDENTITY[sdk=iphoneos*]" = "iPhone Developer";
				COPY_PHASE_STRIP = NO;
				DEBUG_INFORMATION_FORMAT = dwarf;
				ENABLE_STRICT_OBJC_MSGSEND = YES;
				ENABLE_TESTABILITY = YES;
				GCC_C_LANGUAGE_STANDARD = gnu99;
				GCC_DYNAMIC_NO_PIC = NO;
				GCC_NO_COMMON_BLOCKS = YES;
				GCC_OPTIMIZATION_LEVEL = 0;
				GCC_PREPROCESSOR_DEFINITIONS = (
					"DEBUG=1",
					"$(inherited)",
				);
				GCC_WARN_64_TO_32_BIT_CONVERSION = YES;
				GCC_WARN_ABOUT_RETURN_TYPE = YES_ERROR;
				GCC_WARN_UNDECLARED_SELECTOR = YES;
				GCC_WARN_UNINITIALIZED_AUTOS = YES_AGGRESSIVE;
				GCC_WARN_UNUSED_FUNCTION = YES;
				GCC_WARN_UNUSED_VARIABLE = YES;
				IPHONEOS_DEPLOYMENT_TARGET = 9.3;
				MTL_ENABLE_DEBUG_INFO = YES;
				ONLY_ACTIVE_ARCH = YES;
				SDKROOT = iphoneos;
			};
			name = Debug;
		};
		1E1652FB1D9A21DF007D50CD /* Release */ = {
			isa = XCBuildConfiguration;
			buildSettings = {
				ALWAYS_SEARCH_USER_PATHS = NO;
				CLANG_ANALYZER_NONNULL = YES;
				CLANG_CXX_LANGUAGE_STANDARD = "gnu++0x";
				CLANG_CXX_LIBRARY = "libc++";
				CLANG_ENABLE_MODULES = YES;
				CLANG_ENABLE_OBJC_ARC = YES;
				CLANG_WARN_BOOL_CONVERSION = YES;
				CLANG_WARN_CONSTANT_CONVERSION = YES;
				CLANG_WARN_DIRECT_OBJC_ISA_USAGE = YES_ERROR;
				CLANG_WARN_EMPTY_BODY = YES;
				CLANG_WARN_ENUM_CONVERSION = YES;
				CLANG_WARN_INT_CONVERSION = YES;
				CLANG_WARN_OBJC_ROOT_CLASS = YES_ERROR;
				CLANG_WARN_UNREACHABLE_CODE = YES;
				CLANG_WARN__DUPLICATE_METHOD_MATCH = YES;
				"CODE_SIGN_IDENTITY[sdk=iphoneos*]" = "iPhone Developer";
				COPY_PHASE_STRIP = NO;
				DEBUG_INFORMATION_FORMAT = "dwarf-with-dsym";
				ENABLE_NS_ASSERTIONS = NO;
				ENABLE_STRICT_OBJC_MSGSEND = YES;
				GCC_C_LANGUAGE_STANDARD = gnu99;
				GCC_NO_COMMON_BLOCKS = YES;
				GCC_WARN_64_TO_32_BIT_CONVERSION = YES;
				GCC_WARN_ABOUT_RETURN_TYPE = YES_ERROR;
				GCC_WARN_UNDECLARED_SELECTOR = YES;
				GCC_WARN_UNINITIALIZED_AUTOS = YES_AGGRESSIVE;
				GCC_WARN_UNUSED_FUNCTION = YES;
				GCC_WARN_UNUSED_VARIABLE = YES;
				IPHONEOS_DEPLOYMENT_TARGET = 9.3;
				MTL_ENABLE_DEBUG_INFO = NO;
				SDKROOT = iphoneos;
				VALIDATE_PRODUCT = YES;
			};
			name = Release;
		};
		1E1652FD1D9A21DF007D50CD /* Debug */ = {
			isa = XCBuildConfiguration;
			buildSettings = {
				ASSETCATALOG_COMPILER_APPICON_NAME = AppIcon;
				CODE_SIGN_IDENTITY = "iPhone Developer";
				"CODE_SIGN_IDENTITY[sdk=iphoneos*]" = "iPhone Developer";
				INFOPLIST_FILE = BLEDemo/Info.plist;
				IPHONEOS_DEPLOYMENT_TARGET = 8.0;
				LD_RUNPATH_SEARCH_PATHS = "$(inherited) @executable_path/Frameworks";
				PRODUCT_BUNDLE_IDENTIFIER = com.assen.BLEDemo;
				PRODUCT_NAME = "$(TARGET_NAME)";
				PROVISIONING_PROFILE = "";
			};
			name = Debug;
		};
		1E1652FE1D9A21DF007D50CD /* Release */ = {
			isa = XCBuildConfiguration;
			buildSettings = {
				ASSETCATALOG_COMPILER_APPICON_NAME = AppIcon;
				CODE_SIGN_IDENTITY = "iPhone Developer";
				"CODE_SIGN_IDENTITY[sdk=iphoneos*]" = "iPhone Developer";
				INFOPLIST_FILE = BLEDemo/Info.plist;
				IPHONEOS_DEPLOYMENT_TARGET = 8.0;
				LD_RUNPATH_SEARCH_PATHS = "$(inherited) @executable_path/Frameworks";
				PRODUCT_BUNDLE_IDENTIFIER = com.assen.BLEDemo;
				PRODUCT_NAME = "$(TARGET_NAME)";
				PROVISIONING_PROFILE = "";
			};
			name = Release;
		};
		1E1653001D9A21DF007D50CD /* Debug */ = {
			isa = XCBuildConfiguration;
			buildSettings = {
				BUNDLE_LOADER = "$(TEST_HOST)";
				INFOPLIST_FILE = BLEDemoTests/Info.plist;
				LD_RUNPATH_SEARCH_PATHS = "$(inherited) @executable_path/Frameworks @loader_path/Frameworks";
				PRODUCT_BUNDLE_IDENTIFIER = com.assen.BLEDemoTests;
				PRODUCT_NAME = "$(TARGET_NAME)";
				TEST_HOST = "$(BUILT_PRODUCTS_DIR)/BLEDemo.app/BLEDemo";
			};
			name = Debug;
		};
		1E1653011D9A21DF007D50CD /* Release */ = {
			isa = XCBuildConfiguration;
			buildSettings = {
				BUNDLE_LOADER = "$(TEST_HOST)";
				INFOPLIST_FILE = BLEDemoTests/Info.plist;
				LD_RUNPATH_SEARCH_PATHS = "$(inherited) @executable_path/Frameworks @loader_path/Frameworks";
				PRODUCT_BUNDLE_IDENTIFIER = com.assen.BLEDemoTests;
				PRODUCT_NAME = "$(TARGET_NAME)";
				TEST_HOST = "$(BUILT_PRODUCTS_DIR)/BLEDemo.app/BLEDemo";
			};
			name = Release;
		};
/* End XCBuildConfiguration section */

/* Begin XCConfigurationList section */
		1E1652D51D9A21DE007D50CD /* Build configuration list for PBXProject "BLEDemo" */ = {
			isa = XCConfigurationList;
			buildConfigurations = (
				1E1652FA1D9A21DF007D50CD /* Debug */,
				1E1652FB1D9A21DF007D50CD /* Release */,
			);
			defaultConfigurationIsVisible = 0;
			defaultConfigurationName = Release;
		};
		1E1652FC1D9A21DF007D50CD /* Build configuration list for PBXNativeTarget "BLEDemo" */ = {
			isa = XCConfigurationList;
			buildConfigurations = (
				1E1652FD1D9A21DF007D50CD /* Debug */,
				1E1652FE1D9A21DF007D50CD /* Release */,
			);
			defaultConfigurationIsVisible = 0;
			defaultConfigurationName = Release;
		};
		1E1652FF1D9A21DF007D50CD /* Build configuration list for PBXNativeTarget "BLEDemoTests" */ = {
			isa = XCConfigurationList;
			buildConfigurations = (
				1E1653001D9A21DF007D50CD /* Debug */,
				1E1653011D9A21DF007D50CD /* Release */,
			);
			defaultConfigurationIsVisible = 0;
			defaultConfigurationName = Release;
		};
/* End XCConfigurationList section */
	};
	rootObject = 1E1652D21D9A21DE007D50CD /* Project object */;
}
